{
  "name": "maths-equation-editor",
  "version": "1.0.0",
  "lockfileVersion": 3,
  "requires": true,
  "packages": {
    "": {
      "name": "maths-equation-editor",
      "version": "1.0.0",
      "license": "GPL-3.0",
      "dependencies": {
        "tinymce": "^5.7.1"
      }
    },
    "node_modules/tinymce": {
      "version": "5.10.6",
      "resolved": "https://registry.npmjs.org/tinymce/-/tinymce-5.10.6.tgz",
      "integrity": "sha512-bnF2LUoycDsoZZLQBNHbOijrmoJuEeR1rQdqgo4s77BedufpOVnDh00OZKbseHeTMCxhVH05wvOqxLsi6vpeZw=="
    }
  }
}
